
Microsoft Visual Studio Solution File, Format Version 12.00
# Visual Studio Version 17
VisualStudioVersion = 17.9.34607.119
MinimumVisualStudioVersion = 10.0.40219.1
Project("{FAE04EC0-301F-11D3-BF4B-00C04F79EFBC}") = "BOL", "BOL\BOL.csproj", "{1F1180E2-CE0E-4321-9627-48009DF4D0B4}"
EndProject
Project("{FAE04EC0-301F-11D3-BF4B-00C04F79EFBC}") = "DAL", "DAL\DAL.csproj", "{08F9D4B1-C001-40D0-AD7E-43F50CBDB81F}"
EndProject
Project("{FAE04EC0-301F-11D3-BF4B-00C04F79EFBC}") = "WebAPI", "WebAPI\WebAPI.csproj", "{D9C91978-56AF-41B8-9A26-F632F1E18C72}"
EndProject
Global
	GlobalSection(SolutionConfigurationPlatforms) = preSolution
		Debug|Any CPU = Debug|Any CPU
		Release|Any CPU = Release|Any CPU
	EndGlobalSection
	GlobalSection(ProjectConfigurationPlatforms) = postSolution
		{1F1180E2-CE0E-4321-9627-48009DF4D0B4}.Debug|Any CPU.ActiveCfg = Debug|Any CPU
		{1F1180E2-CE0E-4321-9627-48009DF4D0B4}.Debug|Any CPU.Build.0 = Debug|Any CPU
		{1F1180E2-CE0E-4321-9627-48009DF4D0B4}.Release|Any CPU.ActiveCfg = Release|Any CPU
		{1F1180E2-CE0E-4321-9627-48009DF4D0B4}.Release|Any CPU.Build.0 = Release|Any CPU
		{08F9D4B1-C001-40D0-AD7E-43F50CBDB81F}.Debug|Any CPU.ActiveCfg = Debug|Any CPU
		{08F9D4B1-C001-40D0-AD7E-43F50CBDB81F}.Debug|Any CPU.Build.0 = Debug|Any CPU
		{08F9D4B1-C001-40D0-AD7E-43F50CBDB81F}.Release|Any CPU.ActiveCfg = Release|Any CPU
		{08F9D4B1-C001-40D0-AD7E-43F50CBDB81F}.Release|Any CPU.Build.0 = Release|Any CPU
		{D9C91978-56AF-41B8-9A26-F632F1E18C72}.Debug|Any CPU.ActiveCfg = Debug|Any CPU
		{D9C91978-56AF-41B8-9A26-F632F1E18C72}.Debug|Any CPU.Build.0 = Debug|Any CPU
		{D9C91978-56AF-41B8-9A26-F632F1E18C72}.Release|Any CPU.ActiveCfg = Release|Any CPU
		{D9C91978-56AF-41B8-9A26-F632F1E18C72}.Release|Any CPU.Build.0 = Release|Any CPU
	EndGlobalSection
	GlobalSection(SolutionProperties) = preSolution
		HideSolutionNode = FALSE
	EndGlobalSection
	GlobalSection(ExtensibilityGlobals) = postSolution
		SolutionGuid = {A7A6546B-966C-43D8-9E3A-67896EB74ED1}
	EndGlobalSection
EndGlobal
